
Microsoft Visual Studio Solution File, Format Version 12.00
# Visual Studio Version 17
VisualStudioVersion = 17.5.002.0
MinimumVisualStudioVersion = 10.0.40219.1
Project("{9A19103F-16F7-4668-BE54-9A1E7A4F7556}") = "Pustaka", "Pustaka\Pustaka.csproj", "{BD866AAA-B596-4BAC-A982-0331792A635B}"
EndProject
Global
	GlobalSection(SolutionConfigurationPlatforms) = preSolution
		Debug|Any CPU = Debug|Any CPU
		Release|Any CPU = Release|Any CPU
	EndGlobalSection
	GlobalSection(ProjectConfigurationPlatforms) = postSolution
		{BD866AAA-B596-4BAC-A982-0331792A635B}.Debug|Any CPU.ActiveCfg = Debug|Any CPU
		{BD866AAA-B596-4BAC-A982-0331792A635B}.Debug|Any CPU.Build.0 = Debug|Any CPU
		{BD866AAA-B596-4BAC-A982-0331792A635B}.Release|Any CPU.ActiveCfg = Release|Any CPU
		{BD866AAA-B596-4BAC-A982-0331792A635B}.Release|Any CPU.Build.0 = Release|Any CPU
	EndGlobalSection
	GlobalSection(SolutionProperties) = preSolution
		HideSolutionNode = FALSE
	EndGlobalSection
	GlobalSection(ExtensibilityGlobals) = postSolution
		SolutionGuid = {1DAF11A7-52B5-424A-8125-1F02FDE70F8C}
	EndGlobalSection
EndGlobal
